// !$*UTF8*$!
{
	archiveVersion = 1;
	classes = {
	};
	objectVersion = 46;
	objects = {

/* Begin PBXBuildFile section */
		BA4E8EBC193F19FD00255ABA /* DetailView.swift in Sources */ = {isa = PBXBuildFile; fileRef = BA4E8EBB193F19FC00255ABA /* DetailView.swift */; };
		BA4E8EEA193F54D000255ABA /* MyTableViewCell.swift in Sources */ = {isa = PBXBuildFile; fileRef = BA4E8EE8193F54D000255ABA /* MyTableViewCell.swift */; };
		BA4E8EEB193F54D000255ABA /* MyTableViewCell.xib in Resources */ = {isa = PBXBuildFile; fileRef = BA4E8EE9193F54D000255ABA /* MyTableViewCell.xib */; };
		BA4E8EFF193F55BB00255ABA /* MyCellContentView.swift in Sources */ = {isa = PBXBuildFile; fileRef = BA4E8EFE193F55BB00255ABA /* MyCellContentView.swift */; };
		BA8BBBC2193DC21C00BC6A9A /* AppDelegate.swift in Sources */ = {isa = PBXBuildFile; fileRef = BA8BBBC1193DC21C00BC6A9A /* AppDelegate.swift */; };
		BA8BBBC4193DC21C00BC6A9A /* Images.xcassets in Resources */ = {isa = PBXBuildFile; fileRef = BA8BBBC3193DC21C00BC6A9A /* Images.xcassets */; };
		BA8BBBD0193DC21C00BC6A9A /* SwiftTestTests.swift in Sources */ = {isa = PBXBuildFile; fileRef = BA8BBBCF193DC21C00BC6A9A /* SwiftTestTests.swift */; };
		BA9353501940390D00E6C389 /* DetailViewController.swift in Sources */ = {isa = PBXBuildFile; fileRef = BA93534C1940390D00E6C389 /* DetailViewController.swift */; };
		BA9353511940390D00E6C389 /* DetailViewController.xib in Resources */ = {isa = PBXBuildFile; fileRef = BA93534D1940390D00E6C389 /* DetailViewController.xib */; };
		BA9353521940390D00E6C389 /* RootViewController.swift in Sources */ = {isa = PBXBuildFile; fileRef = BA93534E1940390D00E6C389 /* RootViewController.swift */; };
		BA9353531940390D00E6C389 /* RootViewController.xib in Resources */ = {isa = PBXBuildFile; fileRef = BA93534F1940390D00E6C389 /* RootViewController.xib */; };
		BA935362194039F600E6C389 /* 1.jpg in Resources */ = {isa = PBXBuildFile; fileRef = BA935357194039F600E6C389 /* 1.jpg */; };
		BA935363194039F600E6C389 /* 2.jpg in Resources */ = {isa = PBXBuildFile; fileRef = BA935358194039F600E6C389 /* 2.jpg */; };
		BA935364194039F600E6C389 /* 3.jpg in Resources */ = {isa = PBXBuildFile; fileRef = BA935359194039F600E6C389 /* 3.jpg */; };
		BA935365194039F600E6C389 /* 4.jpg in Resources */ = {isa = PBXBuildFile; fileRef = BA93535A194039F600E6C389 /* 4.jpg */; };
		BA935366194039F600E6C389 /* 5.jpg in Resources */ = {isa = PBXBuildFile; fileRef = BA93535B194039F600E6C389 /* 5.jpg */; };
		BA935367194039F600E6C389 /* 6.jpg in Resources */ = {isa = PBXBuildFile; fileRef = BA93535C194039F600E6C389 /* 6.jpg */; };
		BA935368194039F600E6C389 /* 7.jpg in Resources */ = {isa = PBXBuildFile; fileRef = BA93535D194039F600E6C389 /* 7.jpg */; };
		BA935369194039F600E6C389 /* 8.jpg in Resources */ = {isa = PBXBuildFile; fileRef = BA93535E194039F600E6C389 /* 8.jpg */; };
		BA93536A194039F600E6C389 /* 9.jpg in Resources */ = {isa = PBXBuildFile; fileRef = BA93535F194039F600E6C389 /* 9.jpg */; };
		BA93536B194039F600E6C389 /* 11-2.png in Resources */ = {isa = PBXBuildFile; fileRef = BA935360194039F600E6C389 /* 11-2.png */; };
		BA93536C194039F600E6C389 /* 11-4.png in Resources */ = {isa = PBXBuildFile; fileRef = BA935361194039F600E6C389 /* 11-4.png */; };
		BA93536E1940425100E6C389 /* FirstAblumView.swift in Sources */ = {isa = PBXBuildFile; fileRef = BA93536D1940425100E6C389 /* FirstAblumView.swift */; };
		BA93537019405C0100E6C389 /* SeaLifeView.swift in Sources */ = {isa = PBXBuildFile; fileRef = BA93536F19405C0100E6C389 /* SeaLifeView.swift */; };
/* End PBXBuildFile section */

/* Begin PBXContainerItemProxy section */
		BA8BBBCA193DC21C00BC6A9A /* PBXContainerItemProxy */ = {
			isa = PBXContainerItemProxy;
			containerPortal = BA8BBBB4193DC21B00BC6A9A /* Project object */;
			proxyType = 1;
			remoteGlobalIDString = BA8BBBBB193DC21C00BC6A9A;
			remoteInfo = SwiftTest;
		};
/* End PBXContainerItemProxy section */

/* Begin PBXFileReference section */
		BA4E8EBB193F19FC00255ABA /* DetailView.swift */ = {isa = PBXFileReference; fileEncoding = 4; lastKnownFileType = sourcecode.swift; path = DetailView.swift; sourceTree = "<group>"; };
		BA4E8EE8193F54D000255ABA /* MyTableViewCell.swift */ = {isa = PBXFileReference; fileEncoding = 4; lastKnownFileType = sourcecode.swift; path = MyTableViewCell.swift; sourceTree = "<group>"; };
		BA4E8EE9193F54D000255ABA /* MyTableViewCell.xib */ = {isa = PBXFileReference; fileEncoding = 4; lastKnownFileType = file.xib; path = MyTableViewCell.xib; sourceTree = "<group>"; };
		BA4E8EFE193F55BB00255ABA /* MyCellContentView.swift */ = {isa = PBXFileReference; fileEncoding = 4; lastKnownFileType = sourcecode.swift; path = MyCellContentView.swift; sourceTree = "<group>"; };
		BA8BBBBC193DC21C00BC6A9A /* SwiftTest.app */ = {isa = PBXFileReference; explicitFileType = wrapper.application; includeInIndex = 0; path = SwiftTest.app; sourceTree = BUILT_PRODUCTS_DIR; };
		BA8BBBC0193DC21C00BC6A9A /* Info.plist */ = {isa = PBXFileReference; lastKnownFileType = text.plist.xml; path = Info.plist; sourceTree = "<group>"; };
		BA8BBBC1193DC21C00BC6A9A /* AppDelegate.swift */ = {isa = PBXFileReference; lastKnownFileType = sourcecode.swift; path = AppDelegate.swift; sourceTree = "<group>"; };
		BA8BBBC3193DC21C00BC6A9A /* Images.xcassets */ = {isa = PBXFileReference; lastKnownFileType = folder.assetcatalog; path = Images.xcassets; sourceTree = "<group>"; };
		BA8BBBC9193DC21C00BC6A9A /* SwiftTestTests.xctest */ = {isa = PBXFileReference; explicitFileType = wrapper.cfbundle; includeInIndex = 0; path = SwiftTestTests.xctest; sourceTree = BUILT_PRODUCTS_DIR; };
		BA8BBBCE193DC21C00BC6A9A /* Info.plist */ = {isa = PBXFileReference; lastKnownFileType = text.plist.xml; path = Info.plist; sourceTree = "<group>"; };
		BA8BBBCF193DC21C00BC6A9A /* SwiftTestTests.swift */ = {isa = PBXFileReference; lastKnownFileType = sourcecode.swift; path = SwiftTestTests.swift; sourceTree = "<group>"; };
		BA93534C1940390D00E6C389 /* DetailViewController.swift */ = {isa = PBXFileReference; fileEncoding = 4; lastKnownFileType = sourcecode.swift; path = DetailViewController.swift; sourceTree = "<group>"; };
		BA93534D1940390D00E6C389 /* DetailViewController.xib */ = {isa = PBXFileReference; fileEncoding = 4; lastKnownFileType = file.xib; path = DetailViewController.xib; sourceTree = "<group>"; };
		BA93534E1940390D00E6C389 /* RootViewController.swift */ = {isa = PBXFileReference; fileEncoding = 4; lastKnownFileType = sourcecode.swift; path = RootViewController.swift; sourceTree = "<group>"; };
		BA93534F1940390D00E6C389 /* RootViewController.xib */ = {isa = PBXFileReference; fileEncoding = 4; lastKnownFileType = file.xib; path = RootViewController.xib; sourceTree = "<group>"; };
		BA935357194039F600E6C389 /* 1.jpg */ = {isa = PBXFileReference; lastKnownFileType = image.jpeg; path = 1.jpg; sourceTree = "<group>"; };
		BA935358194039F600E6C389 /* 2.jpg */ = {isa = PBXFileReference; lastKnownFileType = image.jpeg; path = 2.jpg; sourceTree = "<group>"; };
		BA935359194039F600E6C389 /* 3.jpg */ = {isa = PBXFileReference; lastKnownFileType = image.jpeg; path = 3.jpg; sourceTree = "<group>"; };
		BA93535A194039F600E6C389 /* 4.jpg */ = {isa = PBXFileReference; lastKnownFileType = image.jpeg; path = 4.jpg; sourceTree = "<group>"; };
		BA93535B194039F600E6C389 /* 5.jpg */ = {isa = PBXFileReference; lastKnownFileType = image.jpeg; path = 5.jpg; sourceTree = "<group>"; };
		BA93535C194039F600E6C389 /* 6.jpg */ = {isa = PBXFileReference; lastKnownFileType = image.jpeg; path = 6.jpg; sourceTree = "<group>"; };
		BA93535D194039F600E6C389 /* 7.jpg */ = {isa = PBXFileReference; lastKnownFileType = image.jpeg; path = 7.jpg; sourceTree = "<group>"; };
		BA93535E194039F600E6C389 /* 8.jpg */ = {isa = PBXFileReference; lastKnownFileType = image.jpeg; path = 8.jpg; sourceTree = "<group>"; };
		BA93535F194039F600E6C389 /* 9.jpg */ = {isa = PBXFileReference; lastKnownFileType = image.jpeg; path = 9.jpg; sourceTree = "<group>"; };
		BA935360194039F600E6C389 /* 11-2.png */ = {isa = PBXFileReference; lastKnownFileType = image.png; path = "11-2.png"; sourceTree = "<group>"; };
		BA935361194039F600E6C389 /* 11-4.png */ = {isa = PBXFileReference; lastKnownFileType = image.png; path = "11-4.png"; sourceTree = "<group>"; };
		BA93536D1940425100E6C389 /* FirstAblumView.swift */ = {isa = PBXFileReference; fileEncoding = 4; lastKnownFileType = sourcecode.swift; path = FirstAblumView.swift; sourceTree = "<group>"; };
		BA93536F19405C0100E6C389 /* SeaLifeView.swift */ = {isa = PBXFileReference; fileEncoding = 4; lastKnownFileType = sourcecode.swift; path = SeaLifeView.swift; sourceTree = "<group>"; };
/* End PBXFileReference section */

/* Begin PBXFrameworksBuildPhase section */
		BA8BBBB9193DC21C00BC6A9A /* Frameworks */ = {
			isa = PBXFrameworksBuildPhase;
			buildActionMask = 2147483647;
			files = (
			);
			runOnlyForDeploymentPostprocessing = 0;
		};
		BA8BBBC6193DC21C00BC6A9A /* Frameworks */ = {
			isa = PBXFrameworksBuildPhase;
			buildActionMask = 2147483647;
			files = (
			);
			runOnlyForDeploymentPostprocessing = 0;
		};
/* End PBXFrameworksBuildPhase section */

/* Begin PBXGroup section */
		BA8BBBB3193DC21B00BC6A9A = {
			isa = PBXGroup;
			children = (
				BA8BBBBE193DC21C00BC6A9A /* SwiftTest */,
				BA8BBBBD193DC21C00BC6A9A /* Products */,
			);
			sourceTree = "<group>";
		};
		BA8BBBBD193DC21C00BC6A9A /* Products */ = {
			isa = PBXGroup;
			children = (
				BA8BBBBC193DC21C00BC6A9A /* SwiftTest.app */,
				BA8BBBC9193DC21C00BC6A9A /* SwiftTestTests.xctest */,
			);
			name = Products;
			sourceTree = "<group>";
		};
		BA8BBBBE193DC21C00BC6A9A /* SwiftTest */ = {
			isa = PBXGroup;
			children = (
				BA9353551940393100E6C389 /* view */,
				BA93534B194038CD00E6C389 /* Viewcontoller */,
				BA8BBBC1193DC21C00BC6A9A /* AppDelegate.swift */,
				BA8BBBC3193DC21C00BC6A9A /* Images.xcassets */,
				BA8BBBBF193DC21C00BC6A9A /* Supporting Files */,
				BA8BBBCC193DC21C00BC6A9A /* SwiftTestTests */,
			);
			path = SwiftTest;
			sourceTree = "<group>";
		};
		BA8BBBBF193DC21C00BC6A9A /* Supporting Files */ = {
			isa = PBXGroup;
			children = (
				BA935356194039CE00E6C389 /* Resource */,
				BA8BBBC0193DC21C00BC6A9A /* Info.plist */,
			);
			name = "Supporting Files";
			sourceTree = "<group>";
		};
		BA8BBBCC193DC21C00BC6A9A /* SwiftTestTests */ = {
			isa = PBXGroup;
			children = (
				BA8BBBCF193DC21C00BC6A9A /* SwiftTestTests.swift */,
				BA8BBBCD193DC21C00BC6A9A /* Supporting Files */,
			);
			path = SwiftTestTests;
			sourceTree = SOURCE_ROOT;
		};
		BA8BBBCD193DC21C00BC6A9A /* Supporting Files */ = {
			isa = PBXGroup;
			children = (
				BA8BBBCE193DC21C00BC6A9A /* Info.plist */,
			);
			name = "Supporting Files";
			path = SwiftTestTests;
			sourceTree = SOURCE_ROOT;
		};
		BA93534B194038CD00E6C389 /* Viewcontoller */ = {
			isa = PBXGroup;
			children = (
				BA93534C1940390D00E6C389 /* DetailViewController.swift */,
				BA93534D1940390D00E6C389 /* DetailViewController.xib */,
				BA93534E1940390D00E6C389 /* RootViewController.swift */,
				BA93534F1940390D00E6C389 /* RootViewController.xib */,
			);
			path = Viewcontoller;
			sourceTree = "<group>";
		};
		BA9353551940393100E6C389 /* view */ = {
			isa = PBXGroup;
			children = (
				BA4E8EE9193F54D000255ABA /* MyTableViewCell.xib */,
				BA4E8EE8193F54D000255ABA /* MyTableViewCell.swift */,
				BA4E8EFE193F55BB00255ABA /* MyCellContentView.swift */,
				BA4E8EBB193F19FC00255ABA /* DetailView.swift */,
				BA93536D1940425100E6C389 /* FirstAblumView.swift */,
				BA93536F19405C0100E6C389 /* SeaLifeView.swift */,
			);
			name = view;
			sourceTree = "<group>";
		};
		BA935356194039CE00E6C389 /* Resource */ = {
			isa = PBXGroup;
			children = (
				BA935357194039F600E6C389 /* 1.jpg */,
				BA935358194039F600E6C389 /* 2.jpg */,
				BA935359194039F600E6C389 /* 3.jpg */,
				BA93535A194039F600E6C389 /* 4.jpg */,
				BA93535B194039F600E6C389 /* 5.jpg */,
				BA93535C194039F600E6C389 /* 6.jpg */,
				BA93535D194039F600E6C389 /* 7.jpg */,
				BA93535E194039F600E6C389 /* 8.jpg */,
				BA93535F194039F600E6C389 /* 9.jpg */,
				BA935360194039F600E6C389 /* 11-2.png */,
				BA935361194039F600E6C389 /* 11-4.png */,
			);
			path = Resource;
			sourceTree = "<group>";
		};
/* End PBXGroup section */

/* Begin PBXNativeTarget section */
		BA8BBBBB193DC21C00BC6A9A /* SwiftTest */ = {
			isa = PBXNativeTarget;
			buildConfigurationList = BA8BBBD3193DC21C00BC6A9A /* Build configuration list for PBXNativeTarget "SwiftTest" */;
			buildPhases = (
				BA8BBBB8193DC21C00BC6A9A /* Sources */,
				BA8BBBB9193DC21C00BC6A9A /* Frameworks */,
				BA8BBBBA193DC21C00BC6A9A /* Resources */,
			);
			buildRules = (
			);
			dependencies = (
			);
			name = SwiftTest;
			productName = SwiftTest;
			productReference = BA8BBBBC193DC21C00BC6A9A /* SwiftTest.app */;
			productType = "com.apple.product-type.application";
		};
		BA8BBBC8193DC21C00BC6A9A /* SwiftTestTests */ = {
			isa = PBXNativeTarget;
			buildConfigurationList = BA8BBBD6193DC21C00BC6A9A /* Build configuration list for PBXNativeTarget "SwiftTestTests" */;
			buildPhases = (
				BA8BBBC5193DC21C00BC6A9A /* Sources */,
				BA8BBBC6193DC21C00BC6A9A /* Frameworks */,
				BA8BBBC7193DC21C00BC6A9A /* Resources */,
			);
			buildRules = (
			);
			dependencies = (
				BA8BBBCB193DC21C00BC6A9A /* PBXTargetDependency */,
			);
			name = SwiftTestTests;
			productName = SwiftTestTests;
			productReference = BA8BBBC9193DC21C00BC6A9A /* SwiftTestTests.xctest */;
			productType = "com.apple.product-type.bundle.unit-test";
		};
/* End PBXNativeTarget section */

/* Begin PBXProject section */
		BA8BBBB4193DC21B00BC6A9A /* Project object */ = {
			isa = PBXProject;
			attributes = {
				LastUpgradeCheck = 0600;
				ORGANIZATIONNAME = "李言";
				TargetAttributes = {
					BA8BBBBB193DC21C00BC6A9A = {
						CreatedOnToolsVersion = 6.0;
					};
					BA8BBBC8193DC21C00BC6A9A = {
						CreatedOnToolsVersion = 6.0;
						TestTargetID = BA8BBBBB193DC21C00BC6A9A;
					};
				};
			};
			buildConfigurationList = BA8BBBB7193DC21B00BC6A9A /* Build configuration list for PBXProject "SwiftTest" */;
			compatibilityVersion = "Xcode 3.2";
			developmentRegion = English;
			hasScannedForEncodings = 0;
			knownRegions = (
				en,
			);
			mainGroup = BA8BBBB3193DC21B00BC6A9A;
			productRefGroup = BA8BBBBD193DC21C00BC6A9A /* Products */;
			projectDirPath = "";
			projectRoot = "";
			targets = (
				BA8BBBBB193DC21C00BC6A9A /* SwiftTest */,
				BA8BBBC8193DC21C00BC6A9A /* SwiftTestTests */,
			);
		};
/* End PBXProject section */

/* Begin PBXResourcesBuildPhase section */
		BA8BBBBA193DC21C00BC6A9A /* Resources */ = {
			isa = PBXResourcesBuildPhase;
			buildActionMask = 2147483647;
			files = (
				BA935367194039F600E6C389 /* 6.jpg in Resources */,
				BA935366194039F600E6C389 /* 5.jpg in Resources */,
				BA4E8EEB193F54D000255ABA /* MyTableViewCell.xib in Resources */,
				BA935363194039F600E6C389 /* 2.jpg in Resources */,
				BA935365194039F600E6C389 /* 4.jpg in Resources */,
				BA935362194039F600E6C389 /* 1.jpg in Resources */,
				BA9353531940390D00E6C389 /* RootViewController.xib in Resources */,
				BA935368194039F600E6C389 /* 7.jpg in Resources */,
				BA93536B194039F600E6C389 /* 11-2.png in Resources */,
				BA935364194039F600E6C389 /* 3.jpg in Resources */,
				BA8BBBC4193DC21C00BC6A9A /* Images.xcassets in Resources */,
				BA935369194039F600E6C389 /* 8.jpg in Resources */,
				BA9353511940390D00E6C389 /* DetailViewController.xib in Resources */,
				BA93536C194039F600E6C389 /* 11-4.png in Resources */,
				BA93536A194039F600E6C389 /* 9.jpg in Resources */,
			);
			runOnlyForDeploymentPostprocessing = 0;
		};
		BA8BBBC7193DC21C00BC6A9A /* Resources */ = {
			isa = PBXResourcesBuildPhase;
			buildActionMask = 2147483647;
			files = (
			);
			runOnlyForDeploymentPostprocessing = 0;
		};
/* End PBXResourcesBuildPhase section */

/* Begin PBXSourcesBuildPhase section */
		BA8BBBB8193DC21C00BC6A9A /* Sources */ = {
			isa = PBXSourcesBuildPhase;
			buildActionMask = 2147483647;
			files = (
				BA93537019405C0100E6C389 /* SeaLifeView.swift in Sources */,
				BA8BBBC2193DC21C00BC6A9A /* AppDelegate.swift in Sources */,
				BA4E8EBC193F19FD00255ABA /* DetailView.swift in Sources */,
				BA4E8EFF193F55BB00255ABA /* MyCellContentView.swift in Sources */,
				BA93536E1940425100E6C389 /* FirstAblumView.swift in Sources */,
				BA4E8EEA193F54D000255ABA /* MyTableViewCell.swift in Sources */,
				BA9353521940390D00E6C389 /* RootViewController.swift in Sources */,
				BA9353501940390D00E6C389 /* DetailViewController.swift in Sources */,
			);
			runOnlyForDeploymentPostprocessing = 0;
		};
		BA8BBBC5193DC21C00BC6A9A /* Sources */ = {
			isa = PBXSourcesBuildPhase;
			buildActionMask = 2147483647;
			files = (
				BA8BBBD0193DC21C00BC6A9A /* SwiftTestTests.swift in Sources */,
			);
			runOnlyForDeploymentPostprocessing = 0;
		};
/* End PBXSourcesBuildPhase section */

/* Begin PBXTargetDependency section */
		BA8BBBCB193DC21C00BC6A9A /* PBXTargetDependency */ = {
			isa = PBXTargetDependency;
			target = BA8BBBBB193DC21C00BC6A9A /* SwiftTest */;
			targetProxy = BA8BBBCA193DC21C00BC6A9A /* PBXContainerItemProxy */;
		};
/* End PBXTargetDependency section */

/* Begin XCBuildConfiguration section */
		BA8BBBD1193DC21C00BC6A9A /* Debug */ = {
			isa = XCBuildConfiguration;
			buildSettings = {
				ALWAYS_SEARCH_USER_PATHS = NO;
				CLANG_CXX_LANGUAGE_STANDARD = "gnu++0x";
				CLANG_CXX_LIBRARY = "libc++";
				CLANG_ENABLE_MODULES = YES;
				CLANG_ENABLE_OBJC_ARC = YES;
				CLANG_WARN_BOOL_CONVERSION = YES;
				CLANG_WARN_CONSTANT_CONVERSION = YES;
				CLANG_WARN_DIRECT_OBJC_ISA_USAGE = YES_ERROR;
				CLANG_WARN_EMPTY_BODY = YES;
				CLANG_WARN_ENUM_CONVERSION = YES;
				CLANG_WARN_INT_CONVERSION = YES;
				CLANG_WARN_OBJC_ROOT_CLASS = YES_ERROR;
				CLANG_WARN_UNREACHABLE_CODE = YES;
				CLANG_WARN__DUPLICATE_METHOD_MATCH = YES;
				"CODE_SIGN_IDENTITY[sdk=iphoneos*]" = "iPhone Developer";
				COPY_PHASE_STRIP = NO;
				ENABLE_STRICT_OBJC_MSGSEND = YES;
				GCC_C_LANGUAGE_STANDARD = gnu99;
				GCC_DYNAMIC_NO_PIC = NO;
				GCC_OPTIMIZATION_LEVEL = 0;
				GCC_PREPROCESSOR_DEFINITIONS = (
					"DEBUG=1",
					"$(inherited)",
				);
				GCC_SYMBOLS_PRIVATE_EXTERN = NO;
				GCC_WARN_64_TO_32_BIT_CONVERSION = YES;
				GCC_WARN_ABOUT_RETURN_TYPE = YES_ERROR;
				GCC_WARN_UNDECLARED_SELECTOR = YES;
				GCC_WARN_UNINITIALIZED_AUTOS = YES_AGGRESSIVE;
				GCC_WARN_UNUSED_FUNCTION = YES;
				GCC_WARN_UNUSED_VARIABLE = YES;
				IPHONEOS_DEPLOYMENT_TARGET = 8.0;
				METAL_ENABLE_DEBUG_INFO = YES;
				ONLY_ACTIVE_ARCH = YES;
				SDKROOT = iphoneos;
				SWIFT_OPTIMIZATION_LEVEL = "-Onone";
			};
			name = Debug;
		};
		BA8BBBD2193DC21C00BC6A9A /* Release */ = {
			isa = XCBuildConfiguration;
			buildSettings = {
				ALWAYS_SEARCH_USER_PATHS = NO;
				CLANG_CXX_LANGUAGE_STANDARD = "gnu++0x";
				CLANG_CXX_LIBRARY = "libc++";
				CLANG_ENABLE_MODULES = YES;
				CLANG_ENABLE_OBJC_ARC = YES;
				CLANG_WARN_BOOL_CONVERSION = YES;
				CLANG_WARN_CONSTANT_CONVERSION = YES;
				CLANG_WARN_DIRECT_OBJC_ISA_USAGE = YES_ERROR;
				CLANG_WARN_EMPTY_BODY = YES;
				CLANG_WARN_ENUM_CONVERSION = YES;
				CLANG_WARN_INT_CONVERSION = YES;
				CLANG_WARN_OBJC_ROOT_CLASS = YES_ERROR;
				CLANG_WARN_UNREACHABLE_CODE = YES;
				CLANG_WARN__DUPLICATE_METHOD_MATCH = YES;
				"CODE_SIGN_IDENTITY[sdk=iphoneos*]" = "iPhone Developer";
				COPY_PHASE_STRIP = YES;
				ENABLE_NS_ASSERTIONS = NO;
				ENABLE_STRICT_OBJC_MSGSEND = YES;
				GCC_C_LANGUAGE_STANDARD = gnu99;
				GCC_WARN_64_TO_32_BIT_CONVERSION = YES;
				GCC_WARN_ABOUT_RETURN_TYPE = YES_ERROR;
				GCC_WARN_UNDECLARED_SELECTOR = YES;
				GCC_WARN_UNINITIALIZED_AUTOS = YES_AGGRESSIVE;
				GCC_WARN_UNUSED_FUNCTION = YES;
				GCC_WARN_UNUSED_VARIABLE = YES;
				IPHONEOS_DEPLOYMENT_TARGET = 8.0;
				METAL_ENABLE_DEBUG_INFO = NO;
				SDKROOT = iphoneos;
				VALIDATE_PRODUCT = YES;
			};
			name = Release;
		};
		BA8BBBD4193DC21C00BC6A9A /* Debug */ = {
			isa = XCBuildConfiguration;
			buildSettings = {
				ASSETCATALOG_COMPILER_APPICON_NAME = AppIcon;
				ASSETCATALOG_COMPILER_LAUNCHIMAGE_NAME = LaunchImage;
				INFOPLIST_FILE = SwiftTest/Info.plist;
				LD_RUNPATH_SEARCH_PATHS = "$(inherited) @executable_path/Frameworks";
				PRODUCT_NAME = "$(TARGET_NAME)";
			};
			name = Debug;
		};
		BA8BBBD5193DC21C00BC6A9A /* Release */ = {
			isa = XCBuildConfiguration;
			buildSettings = {
				ASSETCATALOG_COMPILER_APPICON_NAME = AppIcon;
				ASSETCATALOG_COMPILER_LAUNCHIMAGE_NAME = LaunchImage;
				INFOPLIST_FILE = SwiftTest/Info.plist;
				LD_RUNPATH_SEARCH_PATHS = "$(inherited) @executable_path/Frameworks";
				PRODUCT_NAME = "$(TARGET_NAME)";
			};
			name = Release;
		};
		BA8BBBD7193DC21C00BC6A9A /* Debug */ = {
			isa = XCBuildConfiguration;
			buildSettings = {
				BUNDLE_LOADER = "$(BUILT_PRODUCTS_DIR)/SwiftTest.app/SwiftTest";
				FRAMEWORK_SEARCH_PATHS = (
					"$(SDKROOT)/Developer/Library/Frameworks",
					"$(inherited)",
				);
				GCC_PREPROCESSOR_DEFINITIONS = (
					"DEBUG=1",
					"$(inherited)",
				);
				INFOPLIST_FILE = SwiftTestTests/Info.plist;
				LD_RUNPATH_SEARCH_PATHS = "$(inherited) @executable_path/Frameworks @loader_path/Frameworks";
				METAL_ENABLE_DEBUG_INFO = YES;
				PRODUCT_NAME = "$(TARGET_NAME)";
				TEST_HOST = "$(BUNDLE_LOADER)";
			};
			name = Debug;
		};
		BA8BBBD8193DC21C00BC6A9A /* Release */ = {
			isa = XCBuildConfiguration;
			buildSettings = {
				BUNDLE_LOADER = "$(BUILT_PRODUCTS_DIR)/SwiftTest.app/SwiftTest";
				FRAMEWORK_SEARCH_PATHS = (
					"$(SDKROOT)/Developer/Library/Frameworks",
					"$(inherited)",
				);
				INFOPLIST_FILE = SwiftTestTests/Info.plist;
				LD_RUNPATH_SEARCH_PATHS = "$(inherited) @executable_path/Frameworks @loader_path/Frameworks";
				METAL_ENABLE_DEBUG_INFO = NO;
				PRODUCT_NAME = "$(TARGET_NAME)";
				TEST_HOST = "$(BUNDLE_LOADER)";
			};
			name = Release;
		};
/* End XCBuildConfiguration section */

/* Begin XCConfigurationList section */
		BA8BBBB7193DC21B00BC6A9A /* Build configuration list for PBXProject "SwiftTest" */ = {
			isa = XCConfigurationList;
			buildConfigurations = (
				BA8BBBD1193DC21C00BC6A9A /* Debug */,
				BA8BBBD2193DC21C00BC6A9A /* Release */,
			);
			defaultConfigurationIsVisible = 0;
			defaultConfigurationName = Release;
		};
		BA8BBBD3193DC21C00BC6A9A /* Build configuration list for PBXNativeTarget "SwiftTest" */ = {
			isa = XCConfigurationList;
			buildConfigurations = (
				BA8BBBD4193DC21C00BC6A9A /* Debug */,
				BA8BBBD5193DC21C00BC6A9A /* Release */,
			);
			defaultConfigurationIsVisible = 0;
			defaultConfigurationName = Release;
		};
		BA8BBBD6193DC21C00BC6A9A /* Build configuration list for PBXNativeTarget "SwiftTestTests" */ = {
			isa = XCConfigurationList;
			buildConfigurations = (
				BA8BBBD7193DC21C00BC6A9A /* Debug */,
				BA8BBBD8193DC21C00BC6A9A /* Release */,
			);
			defaultConfigurationIsVisible = 0;
			defaultConfigurationName = Release;
		};
/* End XCConfigurationList section */
	};
	rootObject = BA8BBBB4193DC21B00BC6A9A /* Project object */;
}
